<?xml version="1.0" encoding="utf-8"?>
<Project ToolsVersion="4.0" xmlns="http://schemas.microsoft.com/developer/msbuild/2003">
  <ItemGroup>
    <ClCompile Include="TankStand.cpp" />
  </ItemGroup>
  <ItemGroup>
    <ClInclude Include="drawStand.h" />
    <ClInclude Include="Calculations.h" />
    <ClInclude Include="Common.h" />
    <ClInclude Include="EventHandler.h" />
    <ClInclude Include="Headers.h" />
    <ClInclude Include="Inputs.h" />
    <ClInclude Include="UBeam.h">
      <Filter>UBeam</Filter>
    </ClInclude>
    <ClInclude Include="RBeam.h">
      <Filter>RBeam</Filter>
    </ClInclude>
    <ClInclude Include="LBeam.h">
      <Filter>LBeam</Filter>
    </ClInclude>
    <ClInclude Include="Horizontal.h">
      <Filter>LBeam\Horizontal</Filter>
    </ClInclude>
    <ClInclude Include="Diagonal.h">
      <Filter>LBeam\Diagonal</Filter>
    </ClInclude>
  </ItemGroup>
  <ItemGroup>
    <None Include="ReadMe.md" />
  </ItemGroup>
  <ItemGroup>
    <Text Include="TankStand.manifest" />
  </ItemGroup>
  <ItemGroup>
    <Filter Include="UBeam">
      <UniqueIdentifier>{99f4d08a-7f9c-429e-833c-7bca8f589015}</UniqueIdentifier>
    </Filter>
    <Filter Include="LBeam">
      <UniqueIdentifier>{7bcd444c-1695-48dc-acd3-bd77970cc004}</UniqueIdentifier>
    </Filter>
    <Filter Include="RBeam">
      <UniqueIdentifier>{62e457d1-279b-49a9-8771-8a56fa9d00d6}</UniqueIdentifier>
    </Filter>
    <Filter Include="LBeam\Horizontal">
      <UniqueIdentifier>{3467447b-6f49-48ec-b87c-b8491248f8db}</UniqueIdentifier>
    </Filter>
    <Filter Include="LBeam\Diagonal">
      <UniqueIdentifier>{5a6159f5-06a5-45a5-9bf2-9749e5ff6116}</UniqueIdentifier>
    </Filter>
  </ItemGroup>
</Project>